{
    "_meta": {
        "hash": {
            "sha256": "ff70c8037eb80429f669469a9871461d10a1d0bfb217d2359df66baa83dab2a7"
        },
        "pipfile-spec": 6,
        "requires": {
            "python_version": "3.9"
        },
        "sources": [
            {
                "name": "pypi",
                "url": "https://pypi.org/simple",
                "verify_ssl": true
            }
        ]
    },
    "default": {
        "pyparsing": {
            "hashes": [
                "sha256:32c7c0b711493c72ff18a981d24f28aaf9c1fb7ed5e9667c9e84e3db623bdbfb",
                "sha256:ede28a1a32462f5a9705e07aea48001a08f7cf81a021585011deba701581a0db"
            ],
            "index": "pypi",
            "version": "==3.1.1"
        }
    },
    "develop": {}
}
